github.com/nfnt/resize v0.0.0-20180221191011-83c6a9932646 h1:zYyBkD/k9seD2A7fsi6Oo2LfFZAehjjQMERAvZLEDnQ=
github.com/nfnt/resize v0.0.0-20180221191011-83c6a9932646/go.mod h1:jpp1/29i3P1S/RLdc7JQKbRpFeM1dOBd8T9ki5s+AY8=
github.com/nurlantulemisov/imagecompression v0.0.0-20211028165702-e399758d3838 h1:4l4olmkqQVAla1qemHS2m1x34rUkhYtekvbKBq1Aepg=
github.com/nurlantulemisov/imagecompression v0.0.0-20211028165702-e399758d3838/go.mod h1:tqBGg+T0kRBOx/5kWiLH21lvkUajQM+41ZaZZlOueIU=
golang.org/x/exp v0.0.0-20240325151524-a685a6edb6d8 h1:aAcj0Da7eBAtrTp03QXWvm88pSyOt+UgdZw2BFZ+lEw=
golang.org/x/exp v0.0.0-20240325151524-a685a6edb6d8/go.mod h1:CQ1k9gNrJ50XIzaKCRR2hssIjF07kZFEiieALBM/ARQ=
gonum.org/v1/gonum v0.15.1 h1:FNy7N6OUZVUaWG9pTiD+jlhdQ3lMP+/LcTpJ6+a8sQ0=
gonum.org/v1/gonum v0.15.1/go.mod h1:eZTZuRFrzu5pcyjN5wJhcIhnUdNijYxX1T2IcrOGY0o=
